github.com/acearchive/hugo-artifacts v0.0.0-20221022162809-69090c2da4b1 h1:ukn9eQ1vIKkmCSVEmWDlOxVka5Hm1GbLmHCZAqAHwpc=
github.com/acearchive/hugo-artifacts v0.0.0-20221022162809-69090c2da4b1/go.mod h1:3FFCyjgQ/vd1RULLwSy8QRn5M8JnWacSS+q9HSktXwQ=
github.com/acearchive/hugo-artifacts v0.0.0-20221122163430-c14a74df8e88 h1:LMIjbDWYSrdqQonjXcAI3VjVj1cbD7ZFDaJjBlUaiXQ=
github.com/acearchive/hugo-artifacts v0.0.0-20221122163430-c14a74df8e88/go.mod h1:3FFCyjgQ/vd1RULLwSy8QRn5M8JnWacSS+q9HSktXwQ=
github.com/acearchive/hugo-artifacts v0.0.0-20221123022253-a9a267ee37c9 h1:3WRyBnr0bFJLo+Bbu0ZoTTGBaRusCW4MF5N0AG0jr9I=
github.com/acearchive/hugo-artifacts v0.0.0-20221123022253-a9a267ee37c9/go.mod h1:3FFCyjgQ/vd1RULLwSy8QRn5M8JnWacSS+q9HSktXwQ=
github.com/acearchive/hugo-artifacts v0.0.0-20221123031415-85c78a1436c9 h1:LFkdgBraduW03HX+OyKOqXT5udce4MzHaYd+5nB0kw4=
github.com/acearchive/hugo-artifacts v0.0.0-20221123031415-85c78a1436c9/go.mod h1:3FFCyjgQ/vd1RULLwSy8QRn5M8JnWacSS+q9HSktXwQ=
github.com/acearchive/hugo-artifacts v0.0.0-20221123034143-d933fbba7a61 h1:Kte7bJyOVO5TfeVz35xzBJf3fM0FUnWjn+HyQAsa+3k=
github.com/acearchive/hugo-artifacts v0.0.0-20221123034143-d933fbba7a61/go.mod h1:3FFCyjgQ/vd1RULLwSy8QRn5M8JnWacSS+q9HSktXwQ=
github.com/acearchive/hugo-artifacts v0.0.0-20221123160258-a03cd61e8b5d h1:dNzzDqfNgfHIXE6Qk2qzE+eSvnUhnfqpRInqOp4mBf0=
github.com/acearchive/hugo-artifacts v0.0.0-20221123160258-a03cd61e8b5d/go.mod h1:3FFCyjgQ/vd1RULLwSy8QRn5M8JnWacSS+q9HSktXwQ=
github.com/acearchive/hugo-artifacts v0.0.0-20221123171819-d814330ccad7 h1:E08mINa1hn7fDhHlQgCLuhKVWOU3kc90zFGfn+ZlCHI=
github.com/acearchive/hugo-artifacts v0.0.0-20221123171819-d814330ccad7/go.mod h1:3FFCyjgQ/vd1RULLwSy8QRn5M8JnWacSS+q9HSktXwQ=
github.com/acearchive/hugo-artifacts v0.0.0-20221123202435-dcaa19951461 h1:PODd6BnX6ZEolrBSfdK2wAPZCQzOTEnIlRTK77QQAUw=
github.com/acearchive/hugo-artifacts v0.0.0-20221123202435-dcaa19951461/go.mod h1:3FFCyjgQ/vd1RULLwSy8QRn5M8JnWacSS+q9HSktXwQ=
github.com/acearchive/hugo-artifacts v0.0.0-20221123203800-989b95dba723 h1:zAqJlWkCShw04qfUSaWJj+Q20d7UZa7XnuL2TQEjmGU=
github.com/acearchive/hugo-artifacts v0.0.0-20221123203800-989b95dba723/go.mod h1:3FFCyjgQ/vd1RULLwSy8QRn5M8JnWacSS+q9HSktXwQ=
github.com/acearchive/hugo-artifacts v0.0.0-20221126222240-d17d342e72e6 h1:e0ak98xy3nvxO7S0GbREdP9j88DGJlvTjk5s2DLYQr8=
github.com/acearchive/hugo-artifacts v0.0.0-20221126222240-d17d342e72e6/go.mod h1:3FFCyjgQ/vd1RULLwSy8QRn5M8JnWacSS+q9HSktXwQ=
github.com/acearchive/hugo-artifacts v0.0.0-20221126223009-4a7542ccfb55 h1:lMD9AW6ZccwiJppEeBx3E4ATzFMvatadbJJSnb3CLxc=
github.com/acearchive/hugo-artifacts v0.0.0-20221126223009-4a7542ccfb55/go.mod h1:3FFCyjgQ/vd1RULLwSy8QRn5M8JnWacSS+q9HSktXwQ=
github.com/acearchive/hugo-artifacts v0.0.0-20221126223414-a7f44f2f5956 h1:QQ2VaIVzyuVMRPufFyygYpjd/qHSqD/NKpH5fja6l34=
github.com/acearchive/hugo-artifacts v0.0.0-20221126223414-a7f44f2f5956/go.mod h1:3FFCyjgQ/vd1RULLwSy8QRn5M8JnWacSS+q9HSktXwQ=
github.com/acearchive/hugo-artifacts v0.0.0-20221130214441-aa1518e97864 h1:BnjdTKNS9J34K9gdGHqAquAuFypb0vdSW0arcuVH3Sc=
github.com/acearchive/hugo-artifacts v0.0.0-20221130214441-aa1518e97864/go.mod h1:3FFCyjgQ/vd1RULLwSy8QRn5M8JnWacSS+q9HSktXwQ=
github.com/acearchive/hugo-artifacts v0.0.0-20221218065951-1e56880ece16 h1:WRKeCYEvx+1J/GnVZTO7yWFQGFGmr/uMzfHigL9BVN8=
github.com/acearchive/hugo-artifacts v0.0.0-20221218065951-1e56880ece16/go.mod h1:3FFCyjgQ/vd1RULLwSy8QRn5M8JnWacSS+q9HSktXwQ=
github.com/acearchive/hugo-artifacts v0.0.0-20230517143210-1484e89e097e h1:BZ3GzL8YxaE4m4nsBLi1JM0VcvqbxSbXrWUdnwLjTbw=
github.com/acearchive/hugo-artifacts v0.0.0-20230517143210-1484e89e097e/go.mod h1:3FFCyjgQ/vd1RULLwSy8QRn5M8JnWacSS+q9HSktXwQ=
github.com/acearchive/hugo-artifacts v0.0.0-20230604182938-93c57103fc3c h1:wI2EeaiV9gKu9ibJK5wtBjNwNz2y0fjpRFZ9VM1iNgY=
github.com/acearchive/hugo-artifacts v0.0.0-20230604182938-93c57103fc3c/go.mod h1:3FFCyjgQ/vd1RULLwSy8QRn5M8JnWacSS+q9HSktXwQ=
github.com/acearchive/hugo-artifacts v0.0.0-20230604185136-e669517a0e25 h1:moBE12dSRQQ06SURlgkJG3xmO+tqecg2xVfeydlQ7pQ=
github.com/acearchive/hugo-artifacts v0.0.0-20230604185136-e669517a0e25/go.mod h1:3FFCyjgQ/vd1RULLwSy8QRn5M8JnWacSS+q9HSktXwQ=
github.com/acearchive/hugo-artifacts v0.0.0-20230701143324-0bb5d2ec6f55 h1:vg630SInvcExY6caGH+NuVVTcWrIyN3WXBC04oadTSI=
github.com/acearchive/hugo-artifacts v0.0.0-20230701143324-0bb5d2ec6f55/go.mod h1:3FFCyjgQ/vd1RULLwSy8QRn5M8JnWacSS+q9HSktXwQ=
github.com/acearchive/hugo-artifacts v0.0.0-20230701150838-f6e457dbb316 h1:w1F0HVqB6HVgER8hiRKlsvPPF+oHy2WqzlkNUVNJ2r4=
github.com/acearchive/hugo-artifacts v0.0.0-20230701150838-f6e457dbb316/go.mod h1:3FFCyjgQ/vd1RULLwSy8QRn5M8JnWacSS+q9HSktXwQ=
github.com/acearchive/hugo-artifacts v0.0.0-20230707192955-1049911c8997 h1:r+rtf9pqsDwalqKOyc3nuXOEvrSqGQ7DouaGH2mfg9o=
github.com/acearchive/hugo-artifacts v0.0.0-20230707192955-1049911c8997/go.mod h1:3FFCyjgQ/vd1RULLwSy8QRn5M8JnWacSS+q9HSktXwQ=
github.com/acearchive/hugo-artifacts v0.0.0-20230913132046-da84f2b63e66 h1:KCLPpPlvRQj2qrYrE04BlXg10qY1GQYnRRhimErKgm8=
github.com/acearchive/hugo-artifacts v0.0.0-20230913132046-da84f2b63e66/go.mod h1:3FFCyjgQ/vd1RULLwSy8QRn5M8JnWacSS+q9HSktXwQ=
github.com/acearchive/hugo-artifacts v0.0.0-20230913135614-cdbdd462b9e4 h1:01eGlmuSEQjRPxpMw63tODegqWQ216rvEh8OdN+0Xjg=
github.com/acearchive/hugo-artifacts v0.0.0-20230913135614-cdbdd462b9e4/go.mod h1:3FFCyjgQ/vd1RULLwSy8QRn5M8JnWacSS+q9HSktXwQ=
github.com/acearchive/hugo-artifacts v0.0.0-20230914120856-68389ee02b18 h1:0IaYq5q5Kpz23msT4q8ErFnbgPKjcWcwvP9xJve/elo=
github.com/acearchive/hugo-artifacts v0.0.0-20230914120856-68389ee02b18/go.mod h1:3FFCyjgQ/vd1RULLwSy8QRn5M8JnWacSS+q9HSktXwQ=
github.com/acearchive/hugo-artifacts v0.0.0-20230914122536-343f2021d08c h1:lnEt/vD5kL/136jWay7BrUjj7mv3CvcrOTPD2Hg/2qU=
github.com/acearchive/hugo-artifacts v0.0.0-20230914122536-343f2021d08c/go.mod h1:3FFCyjgQ/vd1RULLwSy8QRn5M8JnWacSS+q9HSktXwQ=
github.com/acearchive/hugo-artifacts v0.0.0-20230915175937-fa863a3392dc h1:7wQ0RZUyrPFpQMMpLmQ/fvhJW/BV7hWquBBlWPFsALM=
github.com/acearchive/hugo-artifacts v0.0.0-20230915175937-fa863a3392dc/go.mod h1:3FFCyjgQ/vd1RULLwSy8QRn5M8JnWacSS+q9HSktXwQ=
github.com/acearchive/hugo-artifacts v0.0.0-20230915190929-807da78737db h1:ezMpjzKVdAve3obMkzRoPhZmpi/uIwCD8Y6xgLOtjGk=
github.com/acearchive/hugo-artifacts v0.0.0-20230915190929-807da78737db/go.mod h1:3FFCyjgQ/vd1RULLwSy8QRn5M8JnWacSS+q9HSktXwQ=
