github.com/acearchive/hugo-artifacts v0.0.0-20221022162809-69090c2da4b1 h1:ukn9eQ1vIKkmCSVEmWDlOxVka5Hm1GbLmHCZAqAHwpc=
github.com/acearchive/hugo-artifacts v0.0.0-20221022162809-69090c2da4b1/go.mod h1:3FFCyjgQ/vd1RULLwSy8QRn5M8JnWacSS+q9HSktXwQ=
github.com/acearchive/hugo-artifacts v0.0.0-20221122163430-c14a74df8e88 h1:LMIjbDWYSrdqQonjXcAI3VjVj1cbD7ZFDaJjBlUaiXQ=
github.com/acearchive/hugo-artifacts v0.0.0-20221122163430-c14a74df8e88/go.mod h1:3FFCyjgQ/vd1RULLwSy8QRn5M8JnWacSS+q9HSktXwQ=
github.com/acearchive/hugo-artifacts v0.0.0-20221123022253-a9a267ee37c9 h1:3WRyBnr0bFJLo+Bbu0ZoTTGBaRusCW4MF5N0AG0jr9I=
github.com/acearchive/hugo-artifacts v0.0.0-20221123022253-a9a267ee37c9/go.mod h1:3FFCyjgQ/vd1RULLwSy8QRn5M8JnWacSS+q9HSktXwQ=
github.com/acearchive/hugo-artifacts v0.0.0-20221123031415-85c78a1436c9 h1:LFkdgBraduW03HX+OyKOqXT5udce4MzHaYd+5nB0kw4=
github.com/acearchive/hugo-artifacts v0.0.0-20221123031415-85c78a1436c9/go.mod h1:3FFCyjgQ/vd1RULLwSy8QRn5M8JnWacSS+q9HSktXwQ=
github.com/acearchive/hugo-artifacts v0.0.0-20221123034143-d933fbba7a61 h1:Kte7bJyOVO5TfeVz35xzBJf3fM0FUnWjn+HyQAsa+3k=
github.com/acearchive/hugo-artifacts v0.0.0-20221123034143-d933fbba7a61/go.mod h1:3FFCyjgQ/vd1RULLwSy8QRn5M8JnWacSS+q9HSktXwQ=
github.com/acearchive/hugo-artifacts v0.0.0-20221123160258-a03cd61e8b5d h1:dNzzDqfNgfHIXE6Qk2qzE+eSvnUhnfqpRInqOp4mBf0=
github.com/acearchive/hugo-artifacts v0.0.0-20221123160258-a03cd61e8b5d/go.mod h1:3FFCyjgQ/vd1RULLwSy8QRn5M8JnWacSS+q9HSktXwQ=
github.com/acearchive/hugo-artifacts v0.0.0-20221123171819-d814330ccad7 h1:E08mINa1hn7fDhHlQgCLuhKVWOU3kc90zFGfn+ZlCHI=
github.com/acearchive/hugo-artifacts v0.0.0-20221123171819-d814330ccad7/go.mod h1:3FFCyjgQ/vd1RULLwSy8QRn5M8JnWacSS+q9HSktXwQ=
github.com/acearchive/hugo-artifacts v0.0.0-20221123202435-dcaa19951461 h1:PODd6BnX6ZEolrBSfdK2wAPZCQzOTEnIlRTK77QQAUw=
github.com/acearchive/hugo-artifacts v0.0.0-20221123202435-dcaa19951461/go.mod h1:3FFCyjgQ/vd1RULLwSy8QRn5M8JnWacSS+q9HSktXwQ=
github.com/acearchive/hugo-artifacts v0.0.0-20221123203800-989b95dba723 h1:zAqJlWkCShw04qfUSaWJj+Q20d7UZa7XnuL2TQEjmGU=
github.com/acearchive/hugo-artifacts v0.0.0-20221123203800-989b95dba723/go.mod h1:3FFCyjgQ/vd1RULLwSy8QRn5M8JnWacSS+q9HSktXwQ=
github.com/acearchive/hugo-artifacts v0.0.0-20221126222240-d17d342e72e6 h1:e0ak98xy3nvxO7S0GbREdP9j88DGJlvTjk5s2DLYQr8=
github.com/acearchive/hugo-artifacts v0.0.0-20221126222240-d17d342e72e6/go.mod h1:3FFCyjgQ/vd1RULLwSy8QRn5M8JnWacSS+q9HSktXwQ=
github.com/acearchive/hugo-artifacts v0.0.0-20221126223009-4a7542ccfb55 h1:lMD9AW6ZccwiJppEeBx3E4ATzFMvatadbJJSnb3CLxc=
github.com/acearchive/hugo-artifacts v0.0.0-20221126223009-4a7542ccfb55/go.mod h1:3FFCyjgQ/vd1RULLwSy8QRn5M8JnWacSS+q9HSktXwQ=
github.com/acearchive/hugo-artifacts v0.0.0-20221126223414-a7f44f2f5956 h1:QQ2VaIVzyuVMRPufFyygYpjd/qHSqD/NKpH5fja6l34=
github.com/acearchive/hugo-artifacts v0.0.0-20221126223414-a7f44f2f5956/go.mod h1:3FFCyjgQ/vd1RULLwSy8QRn5M8JnWacSS+q9HSktXwQ=
github.com/acearchive/hugo-artifacts v0.0.0-20221130214441-aa1518e97864 h1:BnjdTKNS9J34K9gdGHqAquAuFypb0vdSW0arcuVH3Sc=
github.com/acearchive/hugo-artifacts v0.0.0-20221130214441-aa1518e97864/go.mod h1:3FFCyjgQ/vd1RULLwSy8QRn5M8JnWacSS+q9HSktXwQ=
github.com/acearchive/hugo-artifacts v0.0.0-20221218065951-1e56880ece16 h1:WRKeCYEvx+1J/GnVZTO7yWFQGFGmr/uMzfHigL9BVN8=
github.com/acearchive/hugo-artifacts v0.0.0-20221218065951-1e56880ece16/go.mod h1:3FFCyjgQ/vd1RULLwSy8QRn5M8JnWacSS+q9HSktXwQ=
github.com/acearchive/hugo-artifacts v0.0.0-20230517143210-1484e89e097e h1:BZ3GzL8YxaE4m4nsBLi1JM0VcvqbxSbXrWUdnwLjTbw=
github.com/acearchive/hugo-artifacts v0.0.0-20230517143210-1484e89e097e/go.mod h1:3FFCyjgQ/vd1RULLwSy8QRn5M8JnWacSS+q9HSktXwQ=
github.com/acearchive/hugo-artifacts v0.0.0-20230604182938-93c57103fc3c h1:wI2EeaiV9gKu9ibJK5wtBjNwNz2y0fjpRFZ9VM1iNgY=
github.com/acearchive/hugo-artifacts v0.0.0-20230604182938-93c57103fc3c/go.mod h1:3FFCyjgQ/vd1RULLwSy8QRn5M8JnWacSS+q9HSktXwQ=
github.com/acearchive/hugo-artifacts v0.0.0-20230604185136-e669517a0e25 h1:moBE12dSRQQ06SURlgkJG3xmO+tqecg2xVfeydlQ7pQ=
github.com/acearchive/hugo-artifacts v0.0.0-20230604185136-e669517a0e25/go.mod h1:3FFCyjgQ/vd1RULLwSy8QRn5M8JnWacSS+q9HSktXwQ=
github.com/acearchive/hugo-artifacts v0.0.0-20230701143324-0bb5d2ec6f55 h1:vg630SInvcExY6caGH+NuVVTcWrIyN3WXBC04oadTSI=
github.com/acearchive/hugo-artifacts v0.0.0-20230701143324-0bb5d2ec6f55/go.mod h1:3FFCyjgQ/vd1RULLwSy8QRn5M8JnWacSS+q9HSktXwQ=
github.com/acearchive/hugo-artifacts v0.0.0-20230701150838-f6e457dbb316 h1:w1F0HVqB6HVgER8hiRKlsvPPF+oHy2WqzlkNUVNJ2r4=
github.com/acearchive/hugo-artifacts v0.0.0-20230701150838-f6e457dbb316/go.mod h1:3FFCyjgQ/vd1RULLwSy8QRn5M8JnWacSS+q9HSktXwQ=
github.com/acearchive/hugo-artifacts v0.0.0-20230707192955-1049911c8997 h1:r+rtf9pqsDwalqKOyc3nuXOEvrSqGQ7DouaGH2mfg9o=
github.com/acearchive/hugo-artifacts v0.0.0-20230707192955-1049911c8997/go.mod h1:3FFCyjgQ/vd1RULLwSy8QRn5M8JnWacSS+q9HSktXwQ=
github.com/acearchive/hugo-artifacts v0.0.0-20230913132046-da84f2b63e66 h1:KCLPpPlvRQj2qrYrE04BlXg10qY1GQYnRRhimErKgm8=
github.com/acearchive/hugo-artifacts v0.0.0-20230913132046-da84f2b63e66/go.mod h1:3FFCyjgQ/vd1RULLwSy8QRn5M8JnWacSS+q9HSktXwQ=
github.com/acearchive/hugo-artifacts v0.0.0-20230913135614-cdbdd462b9e4 h1:01eGlmuSEQjRPxpMw63tODegqWQ216rvEh8OdN+0Xjg=
github.com/acearchive/hugo-artifacts v0.0.0-20230913135614-cdbdd462b9e4/go.mod h1:3FFCyjgQ/vd1RULLwSy8QRn5M8JnWacSS+q9HSktXwQ=
github.com/acearchive/hugo-artifacts v0.0.0-20230914120856-68389ee02b18 h1:0IaYq5q5Kpz23msT4q8ErFnbgPKjcWcwvP9xJve/elo=
github.com/acearchive/hugo-artifacts v0.0.0-20230914120856-68389ee02b18/go.mod h1:3FFCyjgQ/vd1RULLwSy8QRn5M8JnWacSS+q9HSktXwQ=
github.com/acearchive/hugo-artifacts v0.0.0-20230914122536-343f2021d08c h1:lnEt/vD5kL/136jWay7BrUjj7mv3CvcrOTPD2Hg/2qU=
github.com/acearchive/hugo-artifacts v0.0.0-20230914122536-343f2021d08c/go.mod h1:3FFCyjgQ/vd1RULLwSy8QRn5M8JnWacSS+q9HSktXwQ=
github.com/acearchive/hugo-artifacts v0.0.0-20230915175937-fa863a3392dc h1:7wQ0RZUyrPFpQMMpLmQ/fvhJW/BV7hWquBBlWPFsALM=
github.com/acearchive/hugo-artifacts v0.0.0-20230915175937-fa863a3392dc/go.mod h1:3FFCyjgQ/vd1RULLwSy8QRn5M8JnWacSS+q9HSktXwQ=
github.com/acearchive/hugo-artifacts v0.0.0-20230915190929-807da78737db h1:ezMpjzKVdAve3obMkzRoPhZmpi/uIwCD8Y6xgLOtjGk=
github.com/acearchive/hugo-artifacts v0.0.0-20230915190929-807da78737db/go.mod h1:3FFCyjgQ/vd1RULLwSy8QRn5M8JnWacSS+q9HSktXwQ=
github.com/acearchive/hugo-artifacts v0.0.0-20230917154050-1c663c8a7e43 h1:7jocXusz7i+e7dqMm9j9TQYrmfJOnfsAuYzZJ7Z2vnU=
github.com/acearchive/hugo-artifacts v0.0.0-20230917154050-1c663c8a7e43/go.mod h1:3FFCyjgQ/vd1RULLwSy8QRn5M8JnWacSS+q9HSktXwQ=
github.com/acearchive/hugo-artifacts v0.0.0-20230917224355-dd08044c4ff5 h1:wmatkx9UP0NpNBURN9rsjSFO3tViWQAHAcvszH5eFPQ=
github.com/acearchive/hugo-artifacts v0.0.0-20230917224355-dd08044c4ff5/go.mod h1:3FFCyjgQ/vd1RULLwSy8QRn5M8JnWacSS+q9HSktXwQ=
github.com/acearchive/hugo-artifacts v0.0.0-20230917225633-1455ba2355ba h1:tmVS0Y5orV0u6xzfSDKoyA1+/K2WU09CXklktiXMHO8=
github.com/acearchive/hugo-artifacts v0.0.0-20230917225633-1455ba2355ba/go.mod h1:3FFCyjgQ/vd1RULLwSy8QRn5M8JnWacSS+q9HSktXwQ=
github.com/acearchive/hugo-artifacts v0.0.0-20230918145326-28f38e6fe2e1 h1:aqlQuAjMBwChRL6oMM8in83fw5OZup8kzAya0A6vYNQ=
github.com/acearchive/hugo-artifacts v0.0.0-20230918145326-28f38e6fe2e1/go.mod h1:3FFCyjgQ/vd1RULLwSy8QRn5M8JnWacSS+q9HSktXwQ=
github.com/acearchive/hugo-artifacts v0.0.0-20230921132618-4511e249b2d3 h1:GhvBTpQgZLr8xSdT90Ya0SPlHdGwGdqTvTHS4euqINU=
github.com/acearchive/hugo-artifacts v0.0.0-20230921132618-4511e249b2d3/go.mod h1:3FFCyjgQ/vd1RULLwSy8QRn5M8JnWacSS+q9HSktXwQ=
github.com/acearchive/hugo-artifacts v0.0.0-20230922120545-596afe385f8c h1:54oVXN5iyA785Kv9dXcO5e+gM1N5PBriH8cG+TZETPg=
github.com/acearchive/hugo-artifacts v0.0.0-20230922120545-596afe385f8c/go.mod h1:3FFCyjgQ/vd1RULLwSy8QRn5M8JnWacSS+q9HSktXwQ=
github.com/acearchive/hugo-artifacts v0.0.0-20230922133159-d1aa344f0cf7 h1:6y7Epc+wNiyBgtANV2ya/oi3gFJN+5cw19gfTgr0jVQ=
github.com/acearchive/hugo-artifacts v0.0.0-20230922133159-d1aa344f0cf7/go.mod h1:3FFCyjgQ/vd1RULLwSy8QRn5M8JnWacSS+q9HSktXwQ=
github.com/acearchive/hugo-artifacts v0.0.0-20230922134553-c627750cbf00 h1:z8mtfbohemhR/tZ5d1fVpmgR3LBhSPthPGI0MRYfb2c=
github.com/acearchive/hugo-artifacts v0.0.0-20230922134553-c627750cbf00/go.mod h1:3FFCyjgQ/vd1RULLwSy8QRn5M8JnWacSS+q9HSktXwQ=
github.com/acearchive/hugo-artifacts v0.0.0-20230922144321-cd63707405b9 h1:lLoqJM40m0H0k7N2mw9IN+JlbgqSu6RcT5EyqzBDsvY=
github.com/acearchive/hugo-artifacts v0.0.0-20230922144321-cd63707405b9/go.mod h1:3FFCyjgQ/vd1RULLwSy8QRn5M8JnWacSS+q9HSktXwQ=
github.com/acearchive/hugo-artifacts v0.0.0-20230923142409-5edb537679b4 h1:NujTLVP1fOWP3O5cHVfq/zamb80dJp0bXv1Lnsq65HU=
github.com/acearchive/hugo-artifacts v0.0.0-20230923142409-5edb537679b4/go.mod h1:3FFCyjgQ/vd1RULLwSy8QRn5M8JnWacSS+q9HSktXwQ=
github.com/acearchive/hugo-artifacts v0.0.0-20230923164856-b24b0e47ff1c h1:9I2s+DFT7xBsVWz4+0jdphcOjLXZn5mCDHcF7gsTDRQ=
github.com/acearchive/hugo-artifacts v0.0.0-20230923164856-b24b0e47ff1c/go.mod h1:3FFCyjgQ/vd1RULLwSy8QRn5M8JnWacSS+q9HSktXwQ=
github.com/acearchive/hugo-artifacts v0.0.0-20230928124919-b24659551d36 h1:UZE1K8wV8+ZFg/zs7B9twrK5Q/X8YqI28IRKRofuydw=
github.com/acearchive/hugo-artifacts v0.0.0-20230928124919-b24659551d36/go.mod h1:3FFCyjgQ/vd1RULLwSy8QRn5M8JnWacSS+q9HSktXwQ=
github.com/acearchive/hugo-artifacts v0.0.0-20230929133626-cf369b66ae3a h1:YsfpXYyt88XOivo52aK/UEoOWjpdxISQShBHu2sExaI=
github.com/acearchive/hugo-artifacts v0.0.0-20230929133626-cf369b66ae3a/go.mod h1:3FFCyjgQ/vd1RULLwSy8QRn5M8JnWacSS+q9HSktXwQ=
github.com/acearchive/hugo-artifacts v0.0.0-20230930131158-242ea8f9b306 h1:CkUlWemfQ4cFfsf9cLRbjimYZ7mysyuM7ZEfe606yas=
github.com/acearchive/hugo-artifacts v0.0.0-20230930131158-242ea8f9b306/go.mod h1:3FFCyjgQ/vd1RULLwSy8QRn5M8JnWacSS+q9HSktXwQ=
github.com/acearchive/hugo-artifacts v0.0.0-20231001011852-2d5f878b4ded h1:HpWa7EukgoG9RkL8CP9EgKK5H63kCQI30W5+/EUO1Q0=
github.com/acearchive/hugo-artifacts v0.0.0-20231001011852-2d5f878b4ded/go.mod h1:3FFCyjgQ/vd1RULLwSy8QRn5M8JnWacSS+q9HSktXwQ=
github.com/acearchive/hugo-artifacts v0.0.0-20231001021745-48bb2e071221 h1:TWmucL50EZvJr+FiCtB5CwjlL4bc+iAKNgKBoE+l2pE=
github.com/acearchive/hugo-artifacts v0.0.0-20231001021745-48bb2e071221/go.mod h1:3FFCyjgQ/vd1RULLwSy8QRn5M8JnWacSS+q9HSktXwQ=
github.com/acearchive/hugo-artifacts v0.0.0-20231001023958-24749f85d28f h1:x8r4J9fI9adDIt409BhPSjOpv/+UEKP06wYbhoC+2X8=
github.com/acearchive/hugo-artifacts v0.0.0-20231001023958-24749f85d28f/go.mod h1:3FFCyjgQ/vd1RULLwSy8QRn5M8JnWacSS+q9HSktXwQ=
github.com/acearchive/hugo-artifacts v0.0.0-20231004213623-d1f0fa253bc4 h1:GOl+OYim1mnWxpVInJOXUppiJhAjDSDlhiWBhqTIf6U=
github.com/acearchive/hugo-artifacts v0.0.0-20231004213623-d1f0fa253bc4/go.mod h1:3FFCyjgQ/vd1RULLwSy8QRn5M8JnWacSS+q9HSktXwQ=
github.com/acearchive/hugo-artifacts v0.0.0-20231005002202-571cb8d2465a h1:IZQJ3nFQ8DpipeMBAWiS/2muFdgV7ekEs+2p7OepBv4=
github.com/acearchive/hugo-artifacts v0.0.0-20231005002202-571cb8d2465a/go.mod h1:3FFCyjgQ/vd1RULLwSy8QRn5M8JnWacSS+q9HSktXwQ=
github.com/acearchive/hugo-artifacts v0.0.0-20231008235907-df25bbd4ffc9 h1:6dc+fsNXcSCj9BlkUy0F6I220jO1505SS2vRKY1nzEI=
github.com/acearchive/hugo-artifacts v0.0.0-20231008235907-df25bbd4ffc9/go.mod h1:3FFCyjgQ/vd1RULLwSy8QRn5M8JnWacSS+q9HSktXwQ=
github.com/acearchive/hugo-artifacts v0.0.0-20231009162201-7fcea6dab004 h1:zqMB52+fWcdvVoWTwAx8Ck5BygmcRIyfPWV9WSI6D2U=
github.com/acearchive/hugo-artifacts v0.0.0-20231009162201-7fcea6dab004/go.mod h1:3FFCyjgQ/vd1RULLwSy8QRn5M8JnWacSS+q9HSktXwQ=
github.com/acearchive/hugo-artifacts v0.0.0-20231009164928-afbf15e55eaf h1:w5rCvh0iri/atHJL6cJcCA6wpR6RILlVK+zTRSKG+vs=
github.com/acearchive/hugo-artifacts v0.0.0-20231009164928-afbf15e55eaf/go.mod h1:3FFCyjgQ/vd1RULLwSy8QRn5M8JnWacSS+q9HSktXwQ=
github.com/acearchive/hugo-artifacts v0.0.0-20231010121533-191026858a5f h1:djdteRz0bIUgTsNJvg5stSgyow/BGx4NDqPdYWIQU0c=
github.com/acearchive/hugo-artifacts v0.0.0-20231010121533-191026858a5f/go.mod h1:3FFCyjgQ/vd1RULLwSy8QRn5M8JnWacSS+q9HSktXwQ=
github.com/acearchive/hugo-artifacts v0.0.0-20231010132237-e1f70089ab16 h1:DKib+Ksc0RWsgVeRhNJJgHntvSUdLbclSo8OHCc688s=
github.com/acearchive/hugo-artifacts v0.0.0-20231010132237-e1f70089ab16/go.mod h1:3FFCyjgQ/vd1RULLwSy8QRn5M8JnWacSS+q9HSktXwQ=
github.com/acearchive/hugo-artifacts v0.0.0-20231011132232-8f5a05c3c76d h1:kkObv7wNUG1PX/MFFKPf7Uid52vZGUK4tcbHmJQrYc8=
github.com/acearchive/hugo-artifacts v0.0.0-20231011132232-8f5a05c3c76d/go.mod h1:3FFCyjgQ/vd1RULLwSy8QRn5M8JnWacSS+q9HSktXwQ=
github.com/acearchive/hugo-artifacts v0.0.0-20231013145839-1e36cbe60a6b h1:Ic6p8rUB0ReNSoswJj68SaDRC3hWR/qo4j5FC+11vb8=
github.com/acearchive/hugo-artifacts v0.0.0-20231013145839-1e36cbe60a6b/go.mod h1:3FFCyjgQ/vd1RULLwSy8QRn5M8JnWacSS+q9HSktXwQ=
github.com/acearchive/hugo-artifacts v0.0.0-20231013215632-aff8b1de0d51 h1:PUxStHs8DzwUBXAfEWRabaGC3hHz5wNy3F1qhvrx7fY=
github.com/acearchive/hugo-artifacts v0.0.0-20231013215632-aff8b1de0d51/go.mod h1:3FFCyjgQ/vd1RULLwSy8QRn5M8JnWacSS+q9HSktXwQ=
github.com/acearchive/hugo-artifacts v0.0.0-20231013223354-ff095746d527 h1:fHAiGmBh5ar8Jk9kLt/E14zImNkxNQ5REGO8MSdySyc=
github.com/acearchive/hugo-artifacts v0.0.0-20231013223354-ff095746d527/go.mod h1:3FFCyjgQ/vd1RULLwSy8QRn5M8JnWacSS+q9HSktXwQ=
github.com/acearchive/hugo-artifacts v0.0.0-20231013234307-a7560fa849c9 h1:5/cM6Lge5vgfGKRg4h/76+FqYCfuByGOqcFt6OPoSws=
github.com/acearchive/hugo-artifacts v0.0.0-20231013234307-a7560fa849c9/go.mod h1:3FFCyjgQ/vd1RULLwSy8QRn5M8JnWacSS+q9HSktXwQ=
github.com/acearchive/hugo-artifacts v0.0.0-20231015171156-f6b40067cc8e h1:vjZyi4cupEnWdXqr/1xsFbADrGsdvUqsyl/RnABbzFI=
github.com/acearchive/hugo-artifacts v0.0.0-20231015171156-f6b40067cc8e/go.mod h1:3FFCyjgQ/vd1RULLwSy8QRn5M8JnWacSS+q9HSktXwQ=
github.com/acearchive/hugo-artifacts v0.0.0-20231016141110-d71048b6c14d h1:W9dX4tz/jfaLYtYWh2g/CPYVd4iBKD/nARK7/pYhSxg=
github.com/acearchive/hugo-artifacts v0.0.0-20231016141110-d71048b6c14d/go.mod h1:3FFCyjgQ/vd1RULLwSy8QRn5M8JnWacSS+q9HSktXwQ=
github.com/acearchive/hugo-artifacts v0.0.0-20231017022547-ed9a0ba561b3 h1:/jvxapN8jum1R0Mz4W6WPoo6NmGT/NJfilJ9nQvGhVk=
github.com/acearchive/hugo-artifacts v0.0.0-20231017022547-ed9a0ba561b3/go.mod h1:3FFCyjgQ/vd1RULLwSy8QRn5M8JnWacSS+q9HSktXwQ=
github.com/acearchive/hugo-artifacts v0.0.0-20231019232827-116fdaab21aa h1:LgU7960z4g7r1pXHWIoFWsYOJrQyEfMZ1I4iz5+FsTw=
github.com/acearchive/hugo-artifacts v0.0.0-20231019232827-116fdaab21aa/go.mod h1:3FFCyjgQ/vd1RULLwSy8QRn5M8JnWacSS+q9HSktXwQ=
github.com/acearchive/hugo-artifacts v0.0.0-20231019235208-cce27784761d h1:tEHKKEQAaTiRZ2SLvmDEsQ53jaA7zEDgr0jYpYMoObs=
github.com/acearchive/hugo-artifacts v0.0.0-20231019235208-cce27784761d/go.mod h1:3FFCyjgQ/vd1RULLwSy8QRn5M8JnWacSS+q9HSktXwQ=
github.com/acearchive/hugo-artifacts v0.0.0-20231020120038-dccd0cacaf88 h1:W/AuRRuo7oIfUGLBYMiUGpYAHrp0kw9cTpmZ+ATwQbY=
github.com/acearchive/hugo-artifacts v0.0.0-20231020120038-dccd0cacaf88/go.mod h1:3FFCyjgQ/vd1RULLwSy8QRn5M8JnWacSS+q9HSktXwQ=
github.com/acearchive/hugo-artifacts v0.0.0-20231029131221-e76ce8fd91e1 h1:CVMHnQ4ZD7QfzzBd2Acg7NUA3n3lJ7vnbEQJtZTePXA=
github.com/acearchive/hugo-artifacts v0.0.0-20231029131221-e76ce8fd91e1/go.mod h1:3FFCyjgQ/vd1RULLwSy8QRn5M8JnWacSS+q9HSktXwQ=
github.com/acearchive/hugo-artifacts v0.0.0-20231029134446-7c8953340f90 h1:BI3qiSCoEEhDK+mST7UWzYh3CGFQweTLI3PQ0HB9u6s=
github.com/acearchive/hugo-artifacts v0.0.0-20231029134446-7c8953340f90/go.mod h1:3FFCyjgQ/vd1RULLwSy8QRn5M8JnWacSS+q9HSktXwQ=
github.com/acearchive/hugo-artifacts v0.0.0-20231102165708-8f9245e4dc06 h1:iHBgQQ8ZXhv6PSEb50VUg7Idsx7a6lP7xukZl+/lKs0=
github.com/acearchive/hugo-artifacts v0.0.0-20231102165708-8f9245e4dc06/go.mod h1:3FFCyjgQ/vd1RULLwSy8QRn5M8JnWacSS+q9HSktXwQ=
github.com/acearchive/hugo-artifacts v0.0.0-20231102215024-bdcb7a233c4d h1:ArHsLa6DdPQHBz52uTiGuBHw0hLEez+teWcbe+7qJ24=
github.com/acearchive/hugo-artifacts v0.0.0-20231102215024-bdcb7a233c4d/go.mod h1:3FFCyjgQ/vd1RULLwSy8QRn5M8JnWacSS+q9HSktXwQ=
github.com/acearchive/hugo-artifacts v0.0.0-20231104060156-e88f8dbc29ab h1:Qg0cRz9TZxtweSCBtFtmOnahnBaQjjb+ZP5fbUdtHLY=
github.com/acearchive/hugo-artifacts v0.0.0-20231104060156-e88f8dbc29ab/go.mod h1:3FFCyjgQ/vd1RULLwSy8QRn5M8JnWacSS+q9HSktXwQ=
github.com/acearchive/hugo-artifacts v0.0.0-20231105144522-ff3deec040cc h1:5P5AZVh8/+j/toYDuMYTwwVliHBg0lwhjrizBYS7RNo=
github.com/acearchive/hugo-artifacts v0.0.0-20231105144522-ff3deec040cc/go.mod h1:3FFCyjgQ/vd1RULLwSy8QRn5M8JnWacSS+q9HSktXwQ=
github.com/acearchive/hugo-artifacts v0.0.0-20231122150530-df94492b6ae0 h1:cjuz36zaYSaSzdsAahX4F3+NWQT24oV4C7p7K4eNbio=
github.com/acearchive/hugo-artifacts v0.0.0-20231122150530-df94492b6ae0/go.mod h1:3FFCyjgQ/vd1RULLwSy8QRn5M8JnWacSS+q9HSktXwQ=
github.com/acearchive/hugo-artifacts v0.0.0-20240215125050-85cfeb9a0f97 h1:tLIV2lfEKMjHTj/szFf0s4nfaGc8Y3/JplslIv9nlio=
github.com/acearchive/hugo-artifacts v0.0.0-20240215125050-85cfeb9a0f97/go.mod h1:3FFCyjgQ/vd1RULLwSy8QRn5M8JnWacSS+q9HSktXwQ=
github.com/acearchive/hugo-artifacts v0.0.0-20240215131216-443e1b2dff01 h1:1CCTAVx6Zu2hoXWVBWkU5ebWqh1Nt1hiSvzz7xQ4H0M=
github.com/acearchive/hugo-artifacts v0.0.0-20240215131216-443e1b2dff01/go.mod h1:3FFCyjgQ/vd1RULLwSy8QRn5M8JnWacSS+q9HSktXwQ=
github.com/acearchive/hugo-artifacts v0.0.0-20240219142021-31a0dfe535e7 h1:/PjN+gK/VkLXIy3s10S3Xr/I0O/KhTgdsNcFf3lKsHc=
github.com/acearchive/hugo-artifacts v0.0.0-20240219142021-31a0dfe535e7/go.mod h1:3FFCyjgQ/vd1RULLwSy8QRn5M8JnWacSS+q9HSktXwQ=
